<?xml version="1.0" encoding="utf-8"?>
<Project ToolsVersion="4.0" xmlns="http://schemas.microsoft.com/developer/msbuild/2003">
  <ItemGroup>
    <Filter Include="Source Files">
      <UniqueIdentifier>{4FC737F1-C7A5-4376-A066-2A32D752A2FF}</UniqueIdentifier>
      <Extensions>cpp;c;cc;cxx;def;odl;idl;hpj;bat;asm;asmx</Extensions>
    </Filter>
    <Filter Include="Header Files">
      <UniqueIdentifier>{93995380-89BD-4b04-88EB-625FBE52EBFB}</UniqueIdentifier>
      <Extensions>h;hh;hpp;hxx;hm;inl;inc;ipp;xsd</Extensions>
    </Filter>
    <Filter Include="Resource Files">
      <UniqueIdentifier>{67DA6AB6-F800-4c08-8B7A-83BB121AAD01}</UniqueIdentifier>
      <Extensions>rc;ico;cur;bmp;dlg;rc2;rct;bin;rgs;gif;jpg;jpeg;jpe;resx;tiff;tif;png;wav;mfcribbon-ms</Extensions>
    </Filter>
    <Filter Include="Resource Files\customize">
      <UniqueIdentifier>{50814ac9-de77-42f7-90e1-c49769a526f6}</UniqueIdentifier>
    </Filter>
    <Filter Include="Resource Files\fonts">
      <UniqueIdentifier>{f2ce99a0-ec94-4adf-9ed7-876afce2d4d9}</UniqueIdentifier>
    </Filter>
    <Filter Include="Resource Files\gamedata">
      <UniqueIdentifier>{14f36840-4171-45cc-85c3-1c40b9dbb45f}</UniqueIdentifier>
    </Filter>
    <Filter Include="Resource Files\help">
      <UniqueIdentifier>{2f230f9e-eca0-4db4-9b56-71de201fb1c9}</UniqueIdentifier>
    </Filter>
    <Filter Include="Resource Files\icons">
      <UniqueIdentifier>{baf73d3c-6656-4a0a-99a4-d046b7faf4e6}</UniqueIdentifier>
    </Filter>
    <Filter Include="Resource Files\tiles">
      <UniqueIdentifier>{bbd5388e-d8be-4c76-be21-2ed6a39a4aa7}</UniqueIdentifier>
    </Filter>
    <Filter Include="Resource Files\tiles\adam-bolt">
      <UniqueIdentifier>{02d56a58-137c-46a6-9db2-766f73d55a12}</UniqueIdentifier>
    </Filter>
    <Filter Include="Resource Files\tiles\gervais">
      <UniqueIdentifier>{ffcb2da1-8a10-4aeb-bc47-d4bbdf86c25b}</UniqueIdentifier>
    </Filter>
    <Filter Include="Resource Files\tiles\shockbolt">
      <UniqueIdentifier>{17f9ff36-5291-48d6-ab97-aa69c0796699}</UniqueIdentifier>
    </Filter>
    <Filter Include="Resource Files\tiles\old">
      <UniqueIdentifier>{73a57601-68d2-48dc-9767-99ebcc71296b}</UniqueIdentifier>
    </Filter>
    <Filter Include="Resource Files\tiles\nomad">
      <UniqueIdentifier>{d9cb6d85-e632-4317-8428-5f916f278f2d}</UniqueIdentifier>
    </Filter>
    <Filter Include="Resource Files\sounds">
      <UniqueIdentifier>{4b4d88d3-5088-4dc2-81c4-151dbacc7987}</UniqueIdentifier>
    </Filter>
    <Filter Include="Resource Files\screens">
      <UniqueIdentifier>{8a54c5c2-3c10-4cf2-b6a8-9588ab62a502}</UniqueIdentifier>
    </Filter>
    <Filter Include="SDL">
      <UniqueIdentifier>{b90ce1d6-6cab-46ed-9a41-f38278fcbeb7}</UniqueIdentifier>
    </Filter>
    <Filter Include="Header Files\CommonFiles">
      <UniqueIdentifier>{11ff37a0-becf-4edf-b652-5c4673b75bf8}</UniqueIdentifier>
    </Filter>
    <Filter Include="Source Files\CommonFiles">
      <UniqueIdentifier>{53391cf0-0f1c-4772-ab02-ca1d523d156c}</UniqueIdentifier>
    </Filter>
  </ItemGroup>
  <ItemGroup>
    <ClInclude Include="$(RootDirectory)src\win\png.h">
      <Filter>Header Files</Filter>
    </ClInclude>
    <ClInclude Include="$(RootDirectory)src\win\pngconf.h">
      <Filter>Header Files</Filter>
    </ClInclude>
    <ClInclude Include="$(RootDirectory)src\win\pnglibconf.h">
      <Filter>Header Files</Filter>
    </ClInclude>
    <ClInclude Include="$(RootDirectory)src\win\readdib.h">
      <Filter>Header Files</Filter>
    </ClInclude>
    <ClInclude Include="$(RootDirectory)src\win\win-menu.h">
      <Filter>Header Files</Filter>
    </ClInclude>
    <ClInclude Include="$(RootDirectory)src\win\win-term.h">
      <Filter>Header Files</Filter>
    </ClInclude>
    <ClInclude Include="$(RootDirectory)src\common\angband.h">
      <Filter>Header Files</Filter>
    </ClInclude>
    <ClInclude Include="$(RootDirectory)src\common\bit.h">
      <Filter>Header Files</Filter>
    </ClInclude>
    <ClInclude Include="$(RootDirectory)src\common\buildid.h">
      <Filter>Header Files</Filter>
    </ClInclude>
    <ClInclude Include="$(RootDirectory)src\common\config.h">
      <Filter>Header Files</Filter>
    </ClInclude>
    <ClInclude Include="$(RootDirectory)src\common\datafile.h">
      <Filter>Header Files</Filter>
    </ClInclude>
    <ClInclude Include="$(RootDirectory)src\common\display.h">
      <Filter>Header Files</Filter>
    </ClInclude>
    <ClInclude Include="$(RootDirectory)src\common\guid.h">
      <Filter>Header Files</Filter>
    </ClInclude>
    <ClInclude Include="$(RootDirectory)src\common\h-basic.h">
      <Filter>Header Files</Filter>
    </ClInclude>
    <ClInclude Include="$(RootDirectory)src\common\h-net.h">
      <Filter>Header Files</Filter>
    </ClInclude>
    <ClInclude Include="$(RootDirectory)src\common\h-quark.h">
      <Filter>Header Files</Filter>
    </ClInclude>
    <ClInclude Include="$(RootDirectory)src\common\list-elements.h">
      <Filter>Header Files</Filter>
    </ClInclude>
    <ClInclude Include="$(RootDirectory)src\common\list-equip-slots.h">
      <Filter>Header Files</Filter>
    </ClInclude>
    <ClInclude Include="$(RootDirectory)src\common\list-history-types.h">
      <Filter>Header Files</Filter>
    </ClInclude>
    <ClInclude Include="$(RootDirectory)src\common\list-ignore-types.h">
      <Filter>Header Files</Filter>
    </ClInclude>
    <ClInclude Include="$(RootDirectory)src\common\list-kind-flags.h">
      <Filter>Header Files</Filter>
    </ClInclude>
    <ClInclude Include="$(RootDirectory)src\common\list-message.h">
      <Filter>Header Files</Filter>
    </ClInclude>
    <ClInclude Include="$(RootDirectory)src\common\list-mon-message.h">
      <Filter>Header Files</Filter>
    </ClInclude>
    <ClInclude Include="$(RootDirectory)src\common\list-mon-race-flags.h">
      <Filter>Header Files</Filter>
    </ClInclude>
    <ClInclude Include="$(RootDirectory)src\common\list-mon-spells.h">
      <Filter>Header Files</Filter>
    </ClInclude>
    <ClInclude Include="$(RootDirectory)src\common\list-mon-temp-flags.h">
      <Filter>Header Files</Filter>
    </ClInclude>
    <ClInclude Include="$(RootDirectory)src\common\list-mon-timed.h">
      <Filter>Header Files</Filter>
    </ClInclude>
    <ClInclude Include="$(RootDirectory)src\common\list-object-flags.h">
      <Filter>Header Files</Filter>
    </ClInclude>
    <ClInclude Include="$(RootDirectory)src\common\list-object-modifiers.h">
      <Filter>Header Files</Filter>
    </ClInclude>
    <ClInclude Include="$(RootDirectory)src\common\list-options.h">
      <Filter>Header Files</Filter>
    </ClInclude>
    <ClInclude Include="$(RootDirectory)src\common\list-packets.h">
      <Filter>Header Files</Filter>
    </ClInclude>
    <ClInclude Include="$(RootDirectory)src\common\list-parser-errors.h">
      <Filter>Header Files</Filter>
    </ClInclude>
    <ClInclude Include="$(RootDirectory)src\common\list-player-flags.h">
      <Filter>Header Files</Filter>
    </ClInclude>
    <ClInclude Include="$(RootDirectory)src\common\list-player-timed.h">
      <Filter>Header Files</Filter>
    </ClInclude>
    <ClInclude Include="$(RootDirectory)src\common\list-projections.h">
      <Filter>Header Files</Filter>
    </ClInclude>
    <ClInclude Include="$(RootDirectory)src\common\list-square-flags.h">
      <Filter>Header Files</Filter>
    </ClInclude>
    <ClInclude Include="$(RootDirectory)src\common\list-stats.h">
      <Filter>Header Files</Filter>
    </ClInclude>
    <ClInclude Include="$(RootDirectory)src\common\list-trap-flags.h">
      <Filter>Header Files</Filter>
    </ClInclude>
    <ClInclude Include="$(RootDirectory)src\common\list-tvals.h">
      <Filter>Header Files</Filter>
    </ClInclude>
    <ClInclude Include="$(RootDirectory)src\common\md5.h">
      <Filter>Header Files</Filter>
    </ClInclude>
    <ClInclude Include="$(RootDirectory)src\common\mon-common.h">
      <Filter>Header Files</Filter>
    </ClInclude>
    <ClInclude Include="$(RootDirectory)src\common\net-unix.h">
      <Filter>Header Files</Filter>
    </ClInclude>
    <ClInclude Include="$(RootDirectory)src\common\net-win.h">
      <Filter>Header Files</Filter>
    </ClInclude>
    <ClInclude Include="$(RootDirectory)src\common\obj-common.h">
      <Filter>Header Files</Filter>
    </ClInclude>
    <ClInclude Include="$(RootDirectory)src\common\obj-gear-common.h">
      <Filter>Header Files</Filter>
    </ClInclude>
    <ClInclude Include="$(RootDirectory)src\common\obj-tval.h">
      <Filter>Header Files</Filter>
    </ClInclude>
    <ClInclude Include="$(RootDirectory)src\common\option.h">
      <Filter>Header Files</Filter>
    </ClInclude>
    <ClInclude Include="$(RootDirectory)src\common\pack.h">
      <Filter>Header Files</Filter>
    </ClInclude>
    <ClInclude Include="$(RootDirectory)src\common\parser.h">
      <Filter>Header Files</Filter>
    </ClInclude>
    <ClInclude Include="$(RootDirectory)src\common\player-common-calcs.h">
      <Filter>Header Files</Filter>
    </ClInclude>
    <ClInclude Include="$(RootDirectory)src\common\player-common.h">
      <Filter>Header Files</Filter>
    </ClInclude>
    <ClInclude Include="$(RootDirectory)src\common\player-state.h">
      <Filter>Header Files</Filter>
    </ClInclude>
    <ClInclude Include="$(RootDirectory)src\common\randname.h">
      <Filter>Header Files</Filter>
    </ClInclude>
    <ClInclude Include="$(RootDirectory)src\common\sockbuf.h">
      <Filter>Header Files</Filter>
    </ClInclude>
    <ClInclude Include="$(RootDirectory)src\common\source.h">
      <Filter>Header Files</Filter>
    </ClInclude>
    <ClInclude Include="$(RootDirectory)src\common\store-types.h">
      <Filter>Header Files</Filter>
    </ClInclude>
    <ClInclude Include="$(RootDirectory)src\common\trap-common.h">
      <Filter>Header Files</Filter>
    </ClInclude>
    <ClInclude Include="$(RootDirectory)src\common\util.h">
      <Filter>Header Files</Filter>
    </ClInclude>
    <ClInclude Include="$(RootDirectory)src\common\version.h">
      <Filter>Header Files</Filter>
    </ClInclude>
    <ClInclude Include="$(RootDirectory)src\common\z-bitflag.h">
      <Filter>Header Files</Filter>
    </ClInclude>
    <ClInclude Include="$(RootDirectory)src\common\z-color.h">
      <Filter>Header Files</Filter>
    </ClInclude>
    <ClInclude Include="$(RootDirectory)src\common\z-defines.h">
      <Filter>Header Files</Filter>
    </ClInclude>
    <ClInclude Include="$(RootDirectory)src\common\z-dice.h">
      <Filter>Header Files</Filter>
    </ClInclude>
    <ClInclude Include="$(RootDirectory)src\common\z-expression.h">
      <Filter>Header Files</Filter>
    </ClInclude>
    <ClInclude Include="$(RootDirectory)src\common\z-file.h">
      <Filter>Header Files</Filter>
    </ClInclude>
    <ClInclude Include="$(RootDirectory)src\common\z-form.h">
      <Filter>Header Files</Filter>
    </ClInclude>
    <ClInclude Include="$(RootDirectory)src\common\z-msg.h">
      <Filter>Header Files</Filter>
    </ClInclude>
    <ClInclude Include="$(RootDirectory)src\common\z-rand.h">
      <Filter>Header Files</Filter>
    </ClInclude>
    <ClInclude Include="$(RootDirectory)src\common\z-set.h">
      <Filter>Header Files</Filter>
    </ClInclude>
    <ClInclude Include="$(RootDirectory)src\common\z-spells.h">
      <Filter>Header Files</Filter>
    </ClInclude>
    <ClInclude Include="$(RootDirectory)src\common\z-type.h">
      <Filter>Header Files</Filter>
    </ClInclude>
    <ClInclude Include="$(RootDirectory)src\common\z-util.h">
      <Filter>Header Files</Filter>
    </ClInclude>
    <ClInclude Include="$(RootDirectory)src\common\z-virt.h">
      <Filter>Header Files</Filter>
    </ClInclude>
    <ClInclude Include="$(RootDirectory)src\client\ui-term.h">
      <Filter>Header Files</Filter>
    </ClInclude>
    <ClInclude Include="$(RootDirectory)src\client\ui-store.h">
      <Filter>Header Files</Filter>
    </ClInclude>
    <ClInclude Include="$(RootDirectory)src\client\ui-spell.h">
      <Filter>Header Files</Filter>
    </ClInclude>
    <ClInclude Include="$(RootDirectory)src\client\ui-prefs.h">
      <Filter>Header Files</Filter>
    </ClInclude>
    <ClInclude Include="$(RootDirectory)src\client\ui-output.h">
      <Filter>Header Files</Filter>
    </ClInclude>
    <ClInclude Include="$(RootDirectory)src\client\ui-options.h">
      <Filter>Header Files</Filter>
    </ClInclude>
    <ClInclude Include="$(RootDirectory)src\client\ui-object.h">
      <Filter>Header Files</Filter>
    </ClInclude>
    <ClInclude Include="$(RootDirectory)src\client\ui-message.h">
      <Filter>Header Files</Filter>
    </ClInclude>
    <ClInclude Include="$(RootDirectory)src\client\ui-menu.h">
      <Filter>Header Files</Filter>
    </ClInclude>
    <ClInclude Include="$(RootDirectory)src\client\ui-knowledge.h">
      <Filter>Header Files</Filter>
    </ClInclude>
    <ClInclude Include="$(RootDirectory)src\client\ui-keymap.h">
      <Filter>Header Files</Filter>
    </ClInclude>
    <ClInclude Include="$(RootDirectory)src\client\ui-input.h">
      <Filter>Header Files</Filter>
    </ClInclude>
    <ClInclude Include="$(RootDirectory)src\client\ui-init.h">
      <Filter>Header Files</Filter>
    </ClInclude>
    <ClInclude Include="$(RootDirectory)src\client\ui-game.h">
      <Filter>Header Files</Filter>
    </ClInclude>
    <ClInclude Include="$(RootDirectory)src\client\ui-event.h">
      <Filter>Header Files</Filter>
    </ClInclude>
    <ClInclude Include="$(RootDirectory)src\client\ui-display.h">
      <Filter>Header Files</Filter>
    </ClInclude>
    <ClInclude Include="$(RootDirectory)src\client\ui-death.h">
      <Filter>Header Files</Filter>
    </ClInclude>
    <ClInclude Include="$(RootDirectory)src\client\ui-curse.h">
      <Filter>Header Files</Filter>
    </ClInclude>
    <ClInclude Include="$(RootDirectory)src\client\ui-context.h">
      <Filter>Header Files</Filter>
    </ClInclude>
    <ClInclude Include="$(RootDirectory)src\client\ui-command.h">
      <Filter>Header Files</Filter>
    </ClInclude>
    <ClInclude Include="$(RootDirectory)src\client\ui-birth.h">
      <Filter>Header Files</Filter>
    </ClInclude>
    <ClInclude Include="$(RootDirectory)src\client\sound.h">
      <Filter>Header Files</Filter>
    </ClInclude>
    <ClInclude Include="$(RootDirectory)src\client\snd-win.h">
      <Filter>Header Files</Filter>
    </ClInclude>
    <ClInclude Include="$(RootDirectory)src\client\snd-sdl.h">
      <Filter>Header Files</Filter>
    </ClInclude>
    <ClInclude Include="$(RootDirectory)src\client\player-properties.h">
      <Filter>Header Files</Filter>
    </ClInclude>
    <ClInclude Include="$(RootDirectory)src\client\netclient.h">
      <Filter>Header Files</Filter>
    </ClInclude>
    <ClInclude Include="$(RootDirectory)src\client\mangclient_sdlPCH1.h">
      <Filter>Header Files</Filter>
    </ClInclude>
    <ClInclude Include="$(RootDirectory)src\client\main.h">
      <Filter>Header Files</Filter>
    </ClInclude>
    <ClInclude Include="$(RootDirectory)src\client\grafmode.h">
      <Filter>Header Files</Filter>
    </ClInclude>
    <ClInclude Include="$(RootDirectory)src\client\game-input.h">
      <Filter>Header Files</Filter>
    </ClInclude>
    <ClInclude Include="$(RootDirectory)src\client\game-event.h">
      <Filter>Header Files</Filter>
    </ClInclude>
    <ClInclude Include="$(RootDirectory)src\client\c-player.h">
      <Filter>Header Files</Filter>
    </ClInclude>
    <ClInclude Include="$(RootDirectory)src\client\c-option.h">
      <Filter>Header Files</Filter>
    </ClInclude>
    <ClInclude Include="$(RootDirectory)src\client\conf.h">
      <Filter>Header Files</Filter>
    </ClInclude>
    <ClInclude Include="$(RootDirectory)src\client\cmd-core.h">
      <Filter>Header Files</Filter>
    </ClInclude>
    <ClInclude Include="$(RootDirectory)src\client\c-cmds.h">
      <Filter>Header Files</Filter>
    </ClInclude>
    <ClInclude Include="$(RootDirectory)src\client\c-angband.h">
      <Filter>Header Files</Filter>
    </ClInclude>
    <ClInclude Include="$(SDLDir)\begin_code.h">
      <Filter>Header Files</Filter>
    </ClInclude>
    <ClInclude Include="$(SDLDir)\close_code.h">
      <Filter>Header Files</Filter>
    </ClInclude>
    <ClInclude Include="resource.h">
      <Filter>Resource Files</Filter>
    </ClInclude>
    <ClInclude Include="$(SDLDir)\SDL.h">
      <Filter>SDL</Filter>
    </ClInclude>
    <ClInclude Include="$(SDLDir)\SDL_active.h">
      <Filter>SDL</Filter>
    </ClInclude>
    <ClInclude Include="$(SDLDir)\SDL_audio.h">
      <Filter>SDL</Filter>
    </ClInclude>
    <ClInclude Include="$(SDLDir)\SDL_cdrom.h">
      <Filter>SDL</Filter>
    </ClInclude>
    <ClInclude Include="$(SDLDir)\SDL_config.h">
      <Filter>SDL</Filter>
    </ClInclude>
    <ClInclude Include="$(SDLDir)\SDL_config_win32.h">
      <Filter>SDL</Filter>
    </ClInclude>
    <ClInclude Include="$(SDLDir)\SDL_cpuinfo.h">
      <Filter>SDL</Filter>
    </ClInclude>
    <ClInclude Include="$(SDLDir)\SDL_endian.h">
      <Filter>SDL</Filter>
    </ClInclude>
    <ClInclude Include="$(SDLDir)\SDL_error.h">
      <Filter>SDL</Filter>
    </ClInclude>
    <ClInclude Include="$(SDLDir)\SDL_events.h">
      <Filter>SDL</Filter>
    </ClInclude>
    <ClInclude Include="$(SDLDir)\SDL_image.h">
      <Filter>SDL</Filter>
    </ClInclude>
    <ClInclude Include="$(SDLDir)\SDL_joystick.h">
      <Filter>SDL</Filter>
    </ClInclude>
    <ClInclude Include="$(SDLDir)\SDL_keyboard.h">
      <Filter>SDL</Filter>
    </ClInclude>
    <ClInclude Include="$(SDLDir)\SDL_keysym.h">
      <Filter>SDL</Filter>
    </ClInclude>
    <ClInclude Include="$(SDLDir)\SDL_loadso.h">
      <Filter>SDL</Filter>
    </ClInclude>
    <ClInclude Include="$(SDLDir)\SDL_main.h">
      <Filter>SDL</Filter>
    </ClInclude>
    <ClInclude Include="$(SDLDir)\SDL_mixer.h">
      <Filter>SDL</Filter>
    </ClInclude>
    <ClInclude Include="$(SDLDir)\SDL_mouse.h">
      <Filter>SDL</Filter>
    </ClInclude>
    <ClInclude Include="$(SDLDir)\SDL_mutex.h">
      <Filter>SDL</Filter>
    </ClInclude>
    <ClInclude Include="$(SDLDir)\SDL_platform.h">
      <Filter>SDL</Filter>
    </ClInclude>
    <ClInclude Include="$(SDLDir)\SDL_quit.h">
      <Filter>SDL</Filter>
    </ClInclude>
    <ClInclude Include="$(SDLDir)\SDL_rwops.h">
      <Filter>SDL</Filter>
    </ClInclude>
    <ClInclude Include="$(SDLDir)\SDL_stdinc.h">
      <Filter>SDL</Filter>
    </ClInclude>
    <ClInclude Include="$(SDLDir)\SDL_thread.h">
      <Filter>SDL</Filter>
    </ClInclude>
    <ClInclude Include="$(SDLDir)\SDL_timer.h">
      <Filter>SDL</Filter>
    </ClInclude>
    <ClInclude Include="$(SDLDir)\SDL_ttf.h">
      <Filter>SDL</Filter>
    </ClInclude>
    <ClInclude Include="$(SDLDir)\SDL_types.h">
      <Filter>SDL</Filter>
    </ClInclude>
    <ClInclude Include="$(SDLDir)\SDL_version.h">
      <Filter>SDL</Filter>
    </ClInclude>
    <ClInclude Include="$(SDLDir)\SDL_video.h">
      <Filter>SDL</Filter>
    </ClInclude>
  </ItemGroup>
  <ItemGroup>
    <Image Include="$(RootDirectory)lib\icons\att-16.png">
      <Filter>Resource Files\icons</Filter>
    </Image>
    <Image Include="$(RootDirectory)lib\icons\att-32.png">
      <Filter>Resource Files\icons</Filter>
    </Image>
    <Image Include="$(RootDirectory)lib\icons\att-128.png">
      <Filter>Resource Files\icons</Filter>
    </Image>
    <Image Include="$(RootDirectory)lib\icons\att-256.png">
      <Filter>Resource Files\icons</Filter>
    </Image>
    <Image Include="$(RootDirectory)lib\icons\att-512.png">
      <Filter>Resource Files\icons</Filter>
    </Image>
    <Image Include="$(RootDirectory)src\win\angband.ico">
      <Filter>Resource Files</Filter>
    </Image>
  </ItemGroup>
  <ItemGroup>
    <ClCompile Include="$(RootDirectory)src\win\readdib.c">
      <Filter>Source Files</Filter>
    </ClCompile>
    <ClCompile Include="$(RootDirectory)src\win\readpng.c">
      <Filter>Source Files</Filter>
    </ClCompile>
    <ClCompile Include="$(RootDirectory)src\win\scrnshot.c">
      <Filter>Source Files</Filter>
    </ClCompile>
    <ClCompile Include="$(RootDirectory)src\common\buildid.c">
      <Filter>Source Files</Filter>
    </ClCompile>
    <ClCompile Include="$(RootDirectory)src\common\datafile.c">
      <Filter>Source Files</Filter>
    </ClCompile>
    <ClCompile Include="$(RootDirectory)src\common\display.c">
      <Filter>Source Files</Filter>
    </ClCompile>
    <ClCompile Include="$(RootDirectory)src\common\guid.c">
      <Filter>Source Files</Filter>
    </ClCompile>
    <ClCompile Include="$(RootDirectory)src\common\md5.c">
      <Filter>Source Files</Filter>
    </ClCompile>
    <ClCompile Include="$(RootDirectory)src\common\net-unix.c">
      <Filter>Source Files</Filter>
    </ClCompile>
    <ClCompile Include="$(RootDirectory)src\common\net-win.c">
      <Filter>Source Files</Filter>
    </ClCompile>
    <ClCompile Include="$(RootDirectory)src\common\obj-gear-common.c">
      <Filter>Source Files</Filter>
    </ClCompile>
    <ClCompile Include="$(RootDirectory)src\common\obj-tval.c">
      <Filter>Source Files</Filter>
    </ClCompile>
    <ClCompile Include="$(RootDirectory)src\common\option.c">
      <Filter>Source Files</Filter>
    </ClCompile>
    <ClCompile Include="$(RootDirectory)src\common\parser.c">
      <Filter>Source Files</Filter>
    </ClCompile>
    <ClCompile Include="$(RootDirectory)src\common\randname.c">
      <Filter>Source Files</Filter>
    </ClCompile>
    <ClCompile Include="$(RootDirectory)src\common\sockbuf.c">
      <Filter>Source Files</Filter>
    </ClCompile>
    <ClCompile Include="$(RootDirectory)src\common\source.c">
      <Filter>Source Files</Filter>
    </ClCompile>
    <ClCompile Include="$(RootDirectory)src\common\util.c">
      <Filter>Source Files</Filter>
    </ClCompile>
    <ClCompile Include="$(RootDirectory)src\common\z-bitflag.c">
      <Filter>Source Files</Filter>
    </ClCompile>
    <ClCompile Include="$(RootDirectory)src\common\z-color.c">
      <Filter>Source Files</Filter>
    </ClCompile>
    <ClCompile Include="$(RootDirectory)src\common\z-dice.c">
      <Filter>Source Files</Filter>
    </ClCompile>
    <ClCompile Include="$(RootDirectory)src\common\z-expression.c">
      <Filter>Source Files</Filter>
    </ClCompile>
    <ClCompile Include="$(RootDirectory)src\common\z-file.c">
      <Filter>Source Files</Filter>
    </ClCompile>
    <ClCompile Include="$(RootDirectory)src\common\z-form.c">
      <Filter>Source Files</Filter>
    </ClCompile>
    <ClCompile Include="$(RootDirectory)src\common\z-rand.c">
      <Filter>Source Files</Filter>
    </ClCompile>
    <ClCompile Include="$(RootDirectory)src\common\z-set.c">
      <Filter>Source Files</Filter>
    </ClCompile>
    <ClCompile Include="$(RootDirectory)src\common\z-type.c">
      <Filter>Source Files</Filter>
    </ClCompile>
    <ClCompile Include="$(RootDirectory)src\common\z-util.c">
      <Filter>Source Files</Filter>
    </ClCompile>
    <ClCompile Include="$(RootDirectory)src\common\z-virt.c">
      <Filter>Source Files</Filter>
    </ClCompile>
    <ClCompile Include="$(RootDirectory)src\client\win-layout.c">
      <Filter>Source Files</Filter>
    </ClCompile>
    <ClCompile Include="$(RootDirectory)src\client\ui-term.c">
      <Filter>Source Files</Filter>
    </ClCompile>
    <ClCompile Include="$(RootDirectory)src\client\ui-store.c">
      <Filter>Source Files</Filter>
    </ClCompile>
    <ClCompile Include="$(RootDirectory)src\client\ui-spell.c">
      <Filter>Source Files</Filter>
    </ClCompile>
    <ClCompile Include="$(RootDirectory)src\client\ui-prefs.c">
      <Filter>Source Files</Filter>
    </ClCompile>
    <ClCompile Include="$(RootDirectory)src\client\ui-output.c">
      <Filter>Source Files</Filter>
    </ClCompile>
    <ClCompile Include="$(RootDirectory)src\client\ui-options.c">
      <Filter>Source Files</Filter>
    </ClCompile>
    <ClCompile Include="$(RootDirectory)src\client\ui-object.c">
      <Filter>Source Files</Filter>
    </ClCompile>
    <ClCompile Include="$(RootDirectory)src\client\ui-message.c">
      <Filter>Source Files</Filter>
    </ClCompile>
    <ClCompile Include="$(RootDirectory)src\client\ui-menu.c">
      <Filter>Source Files</Filter>
    </ClCompile>
    <ClCompile Include="$(RootDirectory)src\client\ui-knowledge.c">
      <Filter>Source Files</Filter>
    </ClCompile>
    <ClCompile Include="$(RootDirectory)src\client\ui-keymap.c">
      <Filter>Source Files</Filter>
    </ClCompile>
    <ClCompile Include="$(RootDirectory)src\client\ui-input.c">
      <Filter>Source Files</Filter>
    </ClCompile>
    <ClCompile Include="$(RootDirectory)src\client\ui-init.c">
      <Filter>Source Files</Filter>
    </ClCompile>
    <ClCompile Include="$(RootDirectory)src\client\ui-game.c">
      <Filter>Source Files</Filter>
    </ClCompile>
    <ClCompile Include="$(RootDirectory)src\client\ui-event.c">
      <Filter>Source Files</Filter>
    </ClCompile>
    <ClCompile Include="$(RootDirectory)src\client\ui-display.c">
      <Filter>Source Files</Filter>
    </ClCompile>
    <ClCompile Include="$(RootDirectory)src\client\ui-death.c">
      <Filter>Source Files</Filter>
    </ClCompile>
    <ClCompile Include="$(RootDirectory)src\client\ui-curse.c">
      <Filter>Source Files</Filter>
    </ClCompile>
    <ClCompile Include="$(RootDirectory)src\client\ui-context.c">
      <Filter>Source Files</Filter>
    </ClCompile>
    <ClCompile Include="$(RootDirectory)src\client\ui-command.c">
      <Filter>Source Files</Filter>
    </ClCompile>
    <ClCompile Include="$(RootDirectory)src\client\ui-birth.c">
      <Filter>Source Files</Filter>
    </ClCompile>
    <ClCompile Include="$(RootDirectory)src\client\sound-core.c">
      <Filter>Source Files</Filter>
    </ClCompile>
    <ClCompile Include="$(RootDirectory)src\client\snd-win.c">
      <Filter>Source Files</Filter>
    </ClCompile>
    <ClCompile Include="$(RootDirectory)src\client\snd-sdl.c">
      <Filter>Source Files</Filter>
    </ClCompile>
    <ClCompile Include="$(RootDirectory)src\client\set_focus.c">
      <Filter>Source Files</Filter>
    </ClCompile>
    <ClCompile Include="$(RootDirectory)src\client\player-properties.c">
      <Filter>Source Files</Filter>
    </ClCompile>
    <ClCompile Include="$(RootDirectory)src\client\netclient.c">
      <Filter>Source Files</Filter>
    </ClCompile>
    <ClCompile Include="$(RootDirectory)src\client\main-win.c">
      <Filter>Source Files</Filter>
    </ClCompile>
    <ClCompile Include="$(RootDirectory)src\client\main.c">
      <Filter>Source Files</Filter>
    </ClCompile>
    <ClCompile Include="$(RootDirectory)src\client\grafmode.c">
      <Filter>Source Files</Filter>
    </ClCompile>
    <ClCompile Include="$(RootDirectory)src\client\game-input.c">
      <Filter>Source Files</Filter>
    </ClCompile>
    <ClCompile Include="$(RootDirectory)src\client\game-event.c">
      <Filter>Source Files</Filter>
    </ClCompile>
    <ClCompile Include="$(RootDirectory)src\client\c-player.c">
      <Filter>Source Files</Filter>
    </ClCompile>
    <ClCompile Include="$(RootDirectory)src\client\c-option.c">
      <Filter>Source Files</Filter>
    </ClCompile>
    <ClCompile Include="$(RootDirectory)src\client\conf.c">
      <Filter>Source Files</Filter>
    </ClCompile>
    <ClCompile Include="$(RootDirectory)src\client\cmd-core.c">
      <Filter>Source Files</Filter>
    </ClCompile>
    <ClCompile Include="$(RootDirectory)src\client\c-cmd-obj.c">
      <Filter>Source Files</Filter>
    </ClCompile>
    <ClCompile Include="$(RootDirectory)src\client\c-cmd.c">
      <Filter>Source Files</Filter>
    </ClCompile>
    <ClCompile Include="$(RootDirectory)src\client\main-sdl2.c">
      <Filter>Source Files</Filter>
    </ClCompile>
    <ClCompile Include="$(RootDirectory)src\client\main-sdl.c">
      <Filter>Source Files</Filter>
    </ClCompile>
  </ItemGroup>
  <ItemGroup>
    <ResourceCompile Include="$(RootDirectory)src\win\MbandClient.rc">
      <Filter>Resource Files</Filter>
    </ResourceCompile>
  </ItemGroup>
</Project>