
Microsoft Visual Studio Solution File, Format Version 12.00
# Visual Studio Version 16
VisualStudioVersion = 16.0.29609.76
MinimumVisualStudioVersion = 10.0.40219.1
Project("{8BC9CEB8-8B4A-11D0-8D11-00A0C91BC942}") = "mangband", "TangariaServer.vcxproj", "{04C4E420-C76A-4206-B505-CF5058E7606F}"
EndProject
Project("{8BC9CEB8-8B4A-11D0-8D11-00A0C91BC942}") = "mangclient_sdl", "TangariaSDLClient.vcxproj", "{1304C40B-728A-448C-8EBF-3A8C562B8CAC}"
EndProject
Global
	GlobalSection(SolutionConfigurationPlatforms) = preSolution
		Debug|x64 = Debug|x64
		Debug|x86 = Debug|x86
		Release|x64 = Release|x64
		Release|x86 = Release|x86
	EndGlobalSection
	GlobalSection(ProjectConfigurationPlatforms) = postSolution
		{04C4E420-C76A-4206-B505-CF5058E7606F}.Debug|x64.ActiveCfg = Debug|x64
		{04C4E420-C76A-4206-B505-CF5058E7606F}.Debug|x64.Build.0 = Debug|x64
		{04C4E420-C76A-4206-B505-CF5058E7606F}.Debug|x86.ActiveCfg = Debug|Win32
		{04C4E420-C76A-4206-B505-CF5058E7606F}.Debug|x86.Build.0 = Debug|Win32
		{04C4E420-C76A-4206-B505-CF5058E7606F}.Release|x64.ActiveCfg = Release|x64
		{04C4E420-C76A-4206-B505-CF5058E7606F}.Release|x64.Build.0 = Release|x64
		{04C4E420-C76A-4206-B505-CF5058E7606F}.Release|x86.ActiveCfg = Release|Win32
		{04C4E420-C76A-4206-B505-CF5058E7606F}.Release|x86.Build.0 = Release|Win32
		{1304C40B-728A-448C-8EBF-3A8C562B8CAC}.Debug|x64.ActiveCfg = Debug|x64
		{1304C40B-728A-448C-8EBF-3A8C562B8CAC}.Debug|x64.Build.0 = Debug|x64
		{1304C40B-728A-448C-8EBF-3A8C562B8CAC}.Debug|x86.ActiveCfg = Debug|Win32
		{1304C40B-728A-448C-8EBF-3A8C562B8CAC}.Debug|x86.Build.0 = Debug|Win32
		{1304C40B-728A-448C-8EBF-3A8C562B8CAC}.Release|x64.ActiveCfg = Release|x64
		{1304C40B-728A-448C-8EBF-3A8C562B8CAC}.Release|x64.Build.0 = Release|x64
		{1304C40B-728A-448C-8EBF-3A8C562B8CAC}.Release|x86.ActiveCfg = Release|Win32
		{1304C40B-728A-448C-8EBF-3A8C562B8CAC}.Release|x86.Build.0 = Release|Win32
	EndGlobalSection
	GlobalSection(SolutionProperties) = preSolution
		HideSolutionNode = FALSE
	EndGlobalSection
	GlobalSection(ExtensibilityGlobals) = postSolution
		SolutionGuid = {551CC38C-EB92-4AD3-9F7F-08D9559B8EE8}
	EndGlobalSection
EndGlobal
