<?xml version="1.0" encoding="utf-8"?>
<Project ToolsVersion="4.0" xmlns="http://schemas.microsoft.com/developer/msbuild/2003">
  <ItemGroup>
    <Filter Include="Source Files">
      <UniqueIdentifier>{4FC737F1-C7A5-4376-A066-2A32D752A2FF}</UniqueIdentifier>
      <Extensions>cpp;c;cc;cxx;def;odl;idl;hpj;bat;asm;asmx</Extensions>
    </Filter>
    <Filter Include="Header Files">
      <UniqueIdentifier>{93995380-89BD-4b04-88EB-625FBE52EBFB}</UniqueIdentifier>
      <Extensions>h;hh;hpp;hxx;hm;inl;inc;ipp;xsd</Extensions>
    </Filter>
    <Filter Include="Resource Files">
      <UniqueIdentifier>{67DA6AB6-F800-4c08-8B7A-83BB121AAD01}</UniqueIdentifier>
      <Extensions>rc;ico;cur;bmp;dlg;rc2;rct;bin;rgs;gif;jpg;jpeg;jpe;resx;tiff;tif;png;wav;mfcribbon-ms</Extensions>
    </Filter>
    <Filter Include="Resource Files\customize">
      <UniqueIdentifier>{50814ac9-de77-42f7-90e1-c49769a526f6}</UniqueIdentifier>
    </Filter>
    <Filter Include="Resource Files\fonts">
      <UniqueIdentifier>{f2ce99a0-ec94-4adf-9ed7-876afce2d4d9}</UniqueIdentifier>
    </Filter>
    <Filter Include="Resource Files\gamedata">
      <UniqueIdentifier>{14f36840-4171-45cc-85c3-1c40b9dbb45f}</UniqueIdentifier>
    </Filter>
    <Filter Include="Resource Files\help">
      <UniqueIdentifier>{2f230f9e-eca0-4db4-9b56-71de201fb1c9}</UniqueIdentifier>
    </Filter>
    <Filter Include="Resource Files\icons">
      <UniqueIdentifier>{baf73d3c-6656-4a0a-99a4-d046b7faf4e6}</UniqueIdentifier>
    </Filter>
    <Filter Include="Resource Files\tiles">
      <UniqueIdentifier>{bbd5388e-d8be-4c76-be21-2ed6a39a4aa7}</UniqueIdentifier>
    </Filter>
    <Filter Include="Resource Files\tiles\adam-bolt">
      <UniqueIdentifier>{02d56a58-137c-46a6-9db2-766f73d55a12}</UniqueIdentifier>
    </Filter>
    <Filter Include="Resource Files\tiles\gervais">
      <UniqueIdentifier>{ffcb2da1-8a10-4aeb-bc47-d4bbdf86c25b}</UniqueIdentifier>
    </Filter>
    <Filter Include="Resource Files\tiles\shockbolt">
      <UniqueIdentifier>{17f9ff36-5291-48d6-ab97-aa69c0796699}</UniqueIdentifier>
    </Filter>
    <Filter Include="Resource Files\tiles\old">
      <UniqueIdentifier>{73a57601-68d2-48dc-9767-99ebcc71296b}</UniqueIdentifier>
    </Filter>
    <Filter Include="Resource Files\tiles\nomad">
      <UniqueIdentifier>{d9cb6d85-e632-4317-8428-5f916f278f2d}</UniqueIdentifier>
    </Filter>
    <Filter Include="Resource Files\sounds">
      <UniqueIdentifier>{4b4d88d3-5088-4dc2-81c4-151dbacc7987}</UniqueIdentifier>
    </Filter>
    <Filter Include="Resource Files\screens">
      <UniqueIdentifier>{8a54c5c2-3c10-4cf2-b6a8-9588ab62a502}</UniqueIdentifier>
    </Filter>
    <Filter Include="Header Files\CommonFiles">
      <UniqueIdentifier>{11ff37a0-becf-4edf-b652-5c4673b75bf8}</UniqueIdentifier>
    </Filter>
    <Filter Include="Source Files\CommonFiles">
      <UniqueIdentifier>{53391cf0-0f1c-4772-ab02-ca1d523d156c}</UniqueIdentifier>
    </Filter>
    <Filter Include="Header Files\ServerFiles">
      <UniqueIdentifier>{d185f26b-fa93-4718-8e0f-a122a1318455}</UniqueIdentifier>
    </Filter>
    <Filter Include="Source Files\ServerFiles">
      <UniqueIdentifier>{e13bc4c4-31e6-4d1a-b8f6-7643057565be}</UniqueIdentifier>
    </Filter>
  </ItemGroup>
  <ItemGroup>
    <ClInclude Include="$(RootDirectory)src\win\png.h">
      <Filter>Header Files</Filter>
    </ClInclude>
    <ClInclude Include="$(RootDirectory)src\win\pngconf.h">
      <Filter>Header Files</Filter>
    </ClInclude>
    <ClInclude Include="$(RootDirectory)src\win\pnglibconf.h">
      <Filter>Header Files</Filter>
    </ClInclude>
    <ClInclude Include="$(RootDirectory)src\win\readdib.h">
      <Filter>Header Files</Filter>
    </ClInclude>
    <ClInclude Include="$(RootDirectory)src\win\win-menu.h">
      <Filter>Header Files</Filter>
    </ClInclude>
    <ClInclude Include="$(RootDirectory)src\win\win-term.h">
      <Filter>Header Files</Filter>
    </ClInclude>
    <ClInclude Include="$(RootDirectory)src\common\angband.h">
      <Filter>Header Files</Filter>
    </ClInclude>
    <ClInclude Include="$(RootDirectory)src\common\bit.h">
      <Filter>Header Files</Filter>
    </ClInclude>
    <ClInclude Include="$(RootDirectory)src\common\buildid.h">
      <Filter>Header Files</Filter>
    </ClInclude>
    <ClInclude Include="$(RootDirectory)src\common\config.h">
      <Filter>Header Files</Filter>
    </ClInclude>
    <ClInclude Include="$(RootDirectory)src\common\datafile.h">
      <Filter>Header Files</Filter>
    </ClInclude>
    <ClInclude Include="$(RootDirectory)src\common\display.h">
      <Filter>Header Files</Filter>
    </ClInclude>
    <ClInclude Include="$(RootDirectory)src\common\guid.h">
      <Filter>Header Files</Filter>
    </ClInclude>
    <ClInclude Include="$(RootDirectory)src\common\h-basic.h">
      <Filter>Header Files</Filter>
    </ClInclude>
    <ClInclude Include="$(RootDirectory)src\common\h-net.h">
      <Filter>Header Files</Filter>
    </ClInclude>
    <ClInclude Include="$(RootDirectory)src\common\h-quark.h">
      <Filter>Header Files</Filter>
    </ClInclude>
    <ClInclude Include="$(RootDirectory)src\common\list-elements.h">
      <Filter>Header Files</Filter>
    </ClInclude>
    <ClInclude Include="$(RootDirectory)src\common\list-equip-slots.h">
      <Filter>Header Files</Filter>
    </ClInclude>
    <ClInclude Include="$(RootDirectory)src\common\list-history-types.h">
      <Filter>Header Files</Filter>
    </ClInclude>
    <ClInclude Include="$(RootDirectory)src\common\list-ignore-types.h">
      <Filter>Header Files</Filter>
    </ClInclude>
    <ClInclude Include="$(RootDirectory)src\common\list-kind-flags.h">
      <Filter>Header Files</Filter>
    </ClInclude>
    <ClInclude Include="$(RootDirectory)src\common\list-message.h">
      <Filter>Header Files</Filter>
    </ClInclude>
    <ClInclude Include="$(RootDirectory)src\common\list-mon-message.h">
      <Filter>Header Files</Filter>
    </ClInclude>
    <ClInclude Include="$(RootDirectory)src\common\list-mon-race-flags.h">
      <Filter>Header Files</Filter>
    </ClInclude>
    <ClInclude Include="$(RootDirectory)src\common\list-mon-spells.h">
      <Filter>Header Files</Filter>
    </ClInclude>
    <ClInclude Include="$(RootDirectory)src\common\list-mon-temp-flags.h">
      <Filter>Header Files</Filter>
    </ClInclude>
    <ClInclude Include="$(RootDirectory)src\common\list-mon-timed.h">
      <Filter>Header Files</Filter>
    </ClInclude>
    <ClInclude Include="$(RootDirectory)src\common\list-object-flags.h">
      <Filter>Header Files</Filter>
    </ClInclude>
    <ClInclude Include="$(RootDirectory)src\common\list-object-modifiers.h">
      <Filter>Header Files</Filter>
    </ClInclude>
    <ClInclude Include="$(RootDirectory)src\common\list-options.h">
      <Filter>Header Files</Filter>
    </ClInclude>
    <ClInclude Include="$(RootDirectory)src\common\list-packets.h">
      <Filter>Header Files</Filter>
    </ClInclude>
    <ClInclude Include="$(RootDirectory)src\common\list-parser-errors.h">
      <Filter>Header Files</Filter>
    </ClInclude>
    <ClInclude Include="$(RootDirectory)src\common\list-player-flags.h">
      <Filter>Header Files</Filter>
    </ClInclude>
    <ClInclude Include="$(RootDirectory)src\common\list-player-timed.h">
      <Filter>Header Files</Filter>
    </ClInclude>
    <ClInclude Include="$(RootDirectory)src\common\list-projections.h">
      <Filter>Header Files</Filter>
    </ClInclude>
    <ClInclude Include="$(RootDirectory)src\common\list-square-flags.h">
      <Filter>Header Files</Filter>
    </ClInclude>
    <ClInclude Include="$(RootDirectory)src\common\list-stats.h">
      <Filter>Header Files</Filter>
    </ClInclude>
    <ClInclude Include="$(RootDirectory)src\common\list-trap-flags.h">
      <Filter>Header Files</Filter>
    </ClInclude>
    <ClInclude Include="$(RootDirectory)src\common\list-tvals.h">
      <Filter>Header Files</Filter>
    </ClInclude>
    <ClInclude Include="$(RootDirectory)src\common\md5.h">
      <Filter>Header Files</Filter>
    </ClInclude>
    <ClInclude Include="$(RootDirectory)src\common\mon-common.h">
      <Filter>Header Files</Filter>
    </ClInclude>
    <ClInclude Include="$(RootDirectory)src\common\net-unix.h">
      <Filter>Header Files</Filter>
    </ClInclude>
    <ClInclude Include="$(RootDirectory)src\common\net-win.h">
      <Filter>Header Files</Filter>
    </ClInclude>
    <ClInclude Include="$(RootDirectory)src\common\obj-common.h">
      <Filter>Header Files</Filter>
    </ClInclude>
    <ClInclude Include="$(RootDirectory)src\common\obj-gear-common.h">
      <Filter>Header Files</Filter>
    </ClInclude>
    <ClInclude Include="$(RootDirectory)src\common\obj-tval.h">
      <Filter>Header Files</Filter>
    </ClInclude>
    <ClInclude Include="$(RootDirectory)src\common\option.h">
      <Filter>Header Files</Filter>
    </ClInclude>
    <ClInclude Include="$(RootDirectory)src\common\pack.h">
      <Filter>Header Files</Filter>
    </ClInclude>
    <ClInclude Include="$(RootDirectory)src\common\parser.h">
      <Filter>Header Files</Filter>
    </ClInclude>
    <ClInclude Include="$(RootDirectory)src\common\player-common-calcs.h">
      <Filter>Header Files</Filter>
    </ClInclude>
    <ClInclude Include="$(RootDirectory)src\common\player-common.h">
      <Filter>Header Files</Filter>
    </ClInclude>
    <ClInclude Include="$(RootDirectory)src\common\player-state.h">
      <Filter>Header Files</Filter>
    </ClInclude>
    <ClInclude Include="$(RootDirectory)src\common\randname.h">
      <Filter>Header Files</Filter>
    </ClInclude>
    <ClInclude Include="$(RootDirectory)src\common\sockbuf.h">
      <Filter>Header Files</Filter>
    </ClInclude>
    <ClInclude Include="$(RootDirectory)src\common\source.h">
      <Filter>Header Files</Filter>
    </ClInclude>
    <ClInclude Include="$(RootDirectory)src\common\store-types.h">
      <Filter>Header Files</Filter>
    </ClInclude>
    <ClInclude Include="$(RootDirectory)src\common\trap-common.h">
      <Filter>Header Files</Filter>
    </ClInclude>
    <ClInclude Include="$(RootDirectory)src\common\util.h">
      <Filter>Header Files</Filter>
    </ClInclude>
    <ClInclude Include="$(RootDirectory)src\common\version.h">
      <Filter>Header Files</Filter>
    </ClInclude>
    <ClInclude Include="$(RootDirectory)src\common\z-bitflag.h">
      <Filter>Header Files</Filter>
    </ClInclude>
    <ClInclude Include="$(RootDirectory)src\common\z-color.h">
      <Filter>Header Files</Filter>
    </ClInclude>
    <ClInclude Include="$(RootDirectory)src\common\z-defines.h">
      <Filter>Header Files</Filter>
    </ClInclude>
    <ClInclude Include="$(RootDirectory)src\common\z-dice.h">
      <Filter>Header Files</Filter>
    </ClInclude>
    <ClInclude Include="$(RootDirectory)src\common\z-expression.h">
      <Filter>Header Files</Filter>
    </ClInclude>
    <ClInclude Include="$(RootDirectory)src\common\z-file.h">
      <Filter>Header Files</Filter>
    </ClInclude>
    <ClInclude Include="$(RootDirectory)src\common\z-form.h">
      <Filter>Header Files</Filter>
    </ClInclude>
    <ClInclude Include="$(RootDirectory)src\common\z-msg.h">
      <Filter>Header Files</Filter>
    </ClInclude>
    <ClInclude Include="$(RootDirectory)src\common\z-rand.h">
      <Filter>Header Files</Filter>
    </ClInclude>
    <ClInclude Include="$(RootDirectory)src\common\z-set.h">
      <Filter>Header Files</Filter>
    </ClInclude>
    <ClInclude Include="$(RootDirectory)src\common\z-spells.h">
      <Filter>Header Files</Filter>
    </ClInclude>
    <ClInclude Include="$(RootDirectory)src\common\z-type.h">
      <Filter>Header Files</Filter>
    </ClInclude>
    <ClInclude Include="$(RootDirectory)src\common\z-util.h">
      <Filter>Header Files</Filter>
    </ClInclude>
    <ClInclude Include="$(RootDirectory)src\common\z-virt.h">
      <Filter>Header Files</Filter>
    </ClInclude>
    <ClInclude Include="$(RootDirectory)src\server\alloc.h">
      <Filter>Header Files</Filter>
    </ClInclude>
    <ClInclude Include="$(RootDirectory)src\server\cave.h">
      <Filter>Header Files</Filter>
    </ClInclude>
    <ClInclude Include="$(RootDirectory)src\server\channel.h">
      <Filter>Header Files</Filter>
    </ClInclude>
    <ClInclude Include="$(RootDirectory)src\server\cmds.h">
      <Filter>Header Files</Filter>
    </ClInclude>
    <ClInclude Include="$(RootDirectory)src\server\display-ui.h">
      <Filter>Header Files</Filter>
    </ClInclude>
    <ClInclude Include="$(RootDirectory)src\server\effect-handler.h">
      <Filter>Header Files</Filter>
    </ClInclude>
    <ClInclude Include="$(RootDirectory)src\server\effects-info.h">
      <Filter>Header Files</Filter>
    </ClInclude>
    <ClInclude Include="$(RootDirectory)src\server\effects.h">
      <Filter>Header Files</Filter>
    </ClInclude>
    <ClInclude Include="$(RootDirectory)src\server\game-world.h">
      <Filter>Header Files</Filter>
    </ClInclude>
    <ClInclude Include="$(RootDirectory)src\server\generate.h">
      <Filter>Header Files</Filter>
    </ClInclude>
    <ClInclude Include="$(RootDirectory)src\server\help-ui.h">
      <Filter>Header Files</Filter>
    </ClInclude>
    <ClInclude Include="$(RootDirectory)src\server\hint.h">
      <Filter>Header Files</Filter>
    </ClInclude>
    <ClInclude Include="$(RootDirectory)src\server\history-ui.h">
      <Filter>Header Files</Filter>
    </ClInclude>
    <ClInclude Include="$(RootDirectory)src\server\house.h">
      <Filter>Header Files</Filter>
    </ClInclude>
    <ClInclude Include="$(RootDirectory)src\server\init.h">
      <Filter>Header Files</Filter>
    </ClInclude>
    <ClInclude Include="$(RootDirectory)src\server\list-attack-effects.h">
      <Filter>Header Files</Filter>
    </ClInclude>
    <ClInclude Include="$(RootDirectory)src\server\list-dun-profiles.h">
      <Filter>Header Files</Filter>
    </ClInclude>
    <ClInclude Include="$(RootDirectory)src\server\list-dungeon-flags.h">
      <Filter>Header Files</Filter>
    </ClInclude>
    <ClInclude Include="$(RootDirectory)src\server\list-effects.h">
      <Filter>Header Files</Filter>
    </ClInclude>
    <ClInclude Include="$(RootDirectory)src\server\list-origins.h">
      <Filter>Header Files</Filter>
    </ClInclude>
    <ClInclude Include="$(RootDirectory)src\server\list-randart-properties.h">
      <Filter>Header Files</Filter>
    </ClInclude>
    <ClInclude Include="$(RootDirectory)src\server\list-room-flags.h">
      <Filter>Header Files</Filter>
    </ClInclude>
    <ClInclude Include="$(RootDirectory)src\server\list-rooms.h">
      <Filter>Header Files</Filter>
    </ClInclude>
    <ClInclude Include="$(RootDirectory)src\server\list-terrain-flags.h">
      <Filter>Header Files</Filter>
    </ClInclude>
    <ClInclude Include="$(RootDirectory)src\server\list-wild-feats.h">
      <Filter>Header Files</Filter>
    </ClInclude>
    <ClInclude Include="$(RootDirectory)src\server\mangbandPCH1.h">
      <Filter>Header Files</Filter>
    </ClInclude>
    <ClInclude Include="$(RootDirectory)src\server\map-ui.h">
      <Filter>Header Files</Filter>
    </ClInclude>
    <ClInclude Include="$(RootDirectory)src\server\message.h">
      <Filter>Header Files</Filter>
    </ClInclude>
    <ClInclude Include="$(RootDirectory)src\server\metaclient.h">
      <Filter>Header Files</Filter>
    </ClInclude>
    <ClInclude Include="$(RootDirectory)src\server\mon-attack.h">
      <Filter>Header Files</Filter>
    </ClInclude>
    <ClInclude Include="$(RootDirectory)src\server\mon-blows.h">
      <Filter>Header Files</Filter>
    </ClInclude>
    <ClInclude Include="$(RootDirectory)src\server\mon-desc.h">
      <Filter>Header Files</Filter>
    </ClInclude>
    <ClInclude Include="$(RootDirectory)src\server\mon-group.h">
      <Filter>Header Files</Filter>
    </ClInclude>
    <ClInclude Include="$(RootDirectory)src\server\mon-init.h">
      <Filter>Header Files</Filter>
    </ClInclude>
    <ClInclude Include="$(RootDirectory)src\server\mon-list-ui.h">
      <Filter>Header Files</Filter>
    </ClInclude>
    <ClInclude Include="$(RootDirectory)src\server\mon-list.h">
      <Filter>Header Files</Filter>
    </ClInclude>
    <ClInclude Include="$(RootDirectory)src\server\mon-lore-ui.h">
      <Filter>Header Files</Filter>
    </ClInclude>
    <ClInclude Include="$(RootDirectory)src\server\mon-lore.h">
      <Filter>Header Files</Filter>
    </ClInclude>
    <ClInclude Include="$(RootDirectory)src\server\mon-make.h">
      <Filter>Header Files</Filter>
    </ClInclude>
    <ClInclude Include="$(RootDirectory)src\server\mon-move.h">
      <Filter>Header Files</Filter>
    </ClInclude>
    <ClInclude Include="$(RootDirectory)src\server\mon-msg.h">
      <Filter>Header Files</Filter>
    </ClInclude>
    <ClInclude Include="$(RootDirectory)src\server\mon-predicate.h">
      <Filter>Header Files</Filter>
    </ClInclude>
    <ClInclude Include="$(RootDirectory)src\server\mon-spell.h">
      <Filter>Header Files</Filter>
    </ClInclude>
    <ClInclude Include="$(RootDirectory)src\server\mon-summon.h">
      <Filter>Header Files</Filter>
    </ClInclude>
    <ClInclude Include="$(RootDirectory)src\server\mon-timed.h">
      <Filter>Header Files</Filter>
    </ClInclude>
    <ClInclude Include="$(RootDirectory)src\server\mon-util.h">
      <Filter>Header Files</Filter>
    </ClInclude>
    <ClInclude Include="$(RootDirectory)src\server\monster.h">
      <Filter>Header Files</Filter>
    </ClInclude>
    <ClInclude Include="$(RootDirectory)src\server\netserver.h">
      <Filter>Header Files</Filter>
    </ClInclude>
    <ClInclude Include="$(RootDirectory)src\server\obj-chest.h">
      <Filter>Header Files</Filter>
    </ClInclude>
    <ClInclude Include="$(RootDirectory)src\server\obj-curse.h">
      <Filter>Header Files</Filter>
    </ClInclude>
    <ClInclude Include="$(RootDirectory)src\server\obj-desc.h">
      <Filter>Header Files</Filter>
    </ClInclude>
    <ClInclude Include="$(RootDirectory)src\server\obj-gear.h">
      <Filter>Header Files</Filter>
    </ClInclude>
    <ClInclude Include="$(RootDirectory)src\server\obj-ignore.h">
      <Filter>Header Files</Filter>
    </ClInclude>
    <ClInclude Include="$(RootDirectory)src\server\obj-info.h">
      <Filter>Header Files</Filter>
    </ClInclude>
    <ClInclude Include="$(RootDirectory)src\server\obj-init.h">
      <Filter>Header Files</Filter>
    </ClInclude>
    <ClInclude Include="$(RootDirectory)src\server\obj-inscrip.h">
      <Filter>Header Files</Filter>
    </ClInclude>
    <ClInclude Include="$(RootDirectory)src\server\obj-knowledge.h">
      <Filter>Header Files</Filter>
    </ClInclude>
    <ClInclude Include="$(RootDirectory)src\server\obj-list-ui.h">
      <Filter>Header Files</Filter>
    </ClInclude>
    <ClInclude Include="$(RootDirectory)src\server\obj-list.h">
      <Filter>Header Files</Filter>
    </ClInclude>
    <ClInclude Include="$(RootDirectory)src\server\obj-make.h">
      <Filter>Header Files</Filter>
    </ClInclude>
    <ClInclude Include="$(RootDirectory)src\server\obj-pile.h">
      <Filter>Header Files</Filter>
    </ClInclude>
    <ClInclude Include="$(RootDirectory)src\server\obj-power.h">
      <Filter>Header Files</Filter>
    </ClInclude>
    <ClInclude Include="$(RootDirectory)src\server\obj-properties.h">
      <Filter>Header Files</Filter>
    </ClInclude>
    <ClInclude Include="$(RootDirectory)src\server\obj-randart.h">
      <Filter>Header Files</Filter>
    </ClInclude>
    <ClInclude Include="$(RootDirectory)src\server\obj-slays.h">
      <Filter>Header Files</Filter>
    </ClInclude>
    <ClInclude Include="$(RootDirectory)src\server\obj-ui.h">
      <Filter>Header Files</Filter>
    </ClInclude>
    <ClInclude Include="$(RootDirectory)src\server\obj-util.h">
      <Filter>Header Files</Filter>
    </ClInclude>
    <ClInclude Include="$(RootDirectory)src\server\object.h">
      <Filter>Header Files</Filter>
    </ClInclude>
    <ClInclude Include="$(RootDirectory)src\server\party.h">
      <Filter>Header Files</Filter>
    </ClInclude>
    <ClInclude Include="$(RootDirectory)src\server\player-attack.h">
      <Filter>Header Files</Filter>
    </ClInclude>
    <ClInclude Include="$(RootDirectory)src\server\player-birth.h">
      <Filter>Header Files</Filter>
    </ClInclude>
    <ClInclude Include="$(RootDirectory)src\server\player-calcs.h">
      <Filter>Header Files</Filter>
    </ClInclude>
    <ClInclude Include="$(RootDirectory)src\server\player-history.h">
      <Filter>Header Files</Filter>
    </ClInclude>
    <ClInclude Include="$(RootDirectory)src\server\player-path.h">
      <Filter>Header Files</Filter>
    </ClInclude>
    <ClInclude Include="$(RootDirectory)src\server\player-quest.h">
      <Filter>Header Files</Filter>
    </ClInclude>
    <ClInclude Include="$(RootDirectory)src\server\player-spell.h">
      <Filter>Header Files</Filter>
    </ClInclude>
    <ClInclude Include="$(RootDirectory)src\server\player-timed.h">
      <Filter>Header Files</Filter>
    </ClInclude>
    <ClInclude Include="$(RootDirectory)src\server\player-ui.h">
      <Filter>Header Files</Filter>
    </ClInclude>
    <ClInclude Include="$(RootDirectory)src\server\player-util.h">
      <Filter>Header Files</Filter>
    </ClInclude>
    <ClInclude Include="$(RootDirectory)src\server\player.h">
      <Filter>Header Files</Filter>
    </ClInclude>
    <ClInclude Include="$(RootDirectory)src\server\prefs-ui.h">
      <Filter>Header Files</Filter>
    </ClInclude>
    <ClInclude Include="$(RootDirectory)src\server\project.h">
      <Filter>Header Files</Filter>
    </ClInclude>
    <ClInclude Include="$(RootDirectory)src\server\s-angband.h">
      <Filter>Header Files</Filter>
    </ClInclude>
    <ClInclude Include="$(RootDirectory)src\server\s-util.h">
      <Filter>Header Files</Filter>
    </ClInclude>
    <ClInclude Include="$(RootDirectory)src\server\savefile.h">
      <Filter>Header Files</Filter>
    </ClInclude>
    <ClInclude Include="$(RootDirectory)src\server\sched-win.h">
      <Filter>Header Files</Filter>
    </ClInclude>
    <ClInclude Include="$(RootDirectory)src\server\score-ui.h">
      <Filter>Header Files</Filter>
    </ClInclude>
    <ClInclude Include="$(RootDirectory)src\server\score.h">
      <Filter>Header Files</Filter>
    </ClInclude>
    <ClInclude Include="$(RootDirectory)src\server\store.h">
      <Filter>Header Files</Filter>
    </ClInclude>
    <ClInclude Include="$(RootDirectory)src\server\target-ui.h">
      <Filter>Header Files</Filter>
    </ClInclude>
    <ClInclude Include="$(RootDirectory)src\server\target.h">
      <Filter>Header Files</Filter>
    </ClInclude>
    <ClInclude Include="$(RootDirectory)src\server\trap.h">
      <Filter>Header Files</Filter>
    </ClInclude>
    <ClInclude Include="$(RootDirectory)src\server\visuals-ui.h">
      <Filter>Header Files</Filter>
    </ClInclude>
    <ClInclude Include="$(RootDirectory)src\server\wilderness.h">
      <Filter>Header Files</Filter>
    </ClInclude>
    <ClInclude Include="$(RootDirectory)src\server\z-quark.h">
      <Filter>Header Files</Filter>
    </ClInclude>
    <ClInclude Include="$(RootDirectory)src\server\z-queue.h">
      <Filter>Header Files</Filter>
    </ClInclude>
    <ClInclude Include="$(RootDirectory)src\server\z-textblock.h">
      <Filter>Header Files</Filter>
    </ClInclude>
    <ClInclude Include="resource.h">
      <Filter>Header Files</Filter>
    </ClInclude>
  </ItemGroup>
  <ItemGroup>
    <ClCompile Include="$(RootDirectory)src\win\readdib.c">
      <Filter>Source Files</Filter>
    </ClCompile>
    <ClCompile Include="$(RootDirectory)src\win\readpng.c">
      <Filter>Source Files</Filter>
    </ClCompile>
    <ClCompile Include="$(RootDirectory)src\win\scrnshot.c">
      <Filter>Source Files</Filter>
    </ClCompile>
    <ClCompile Include="$(RootDirectory)src\common\buildid.c">
      <Filter>Source Files</Filter>
    </ClCompile>
    <ClCompile Include="$(RootDirectory)src\common\datafile.c">
      <Filter>Source Files</Filter>
    </ClCompile>
    <ClCompile Include="$(RootDirectory)src\common\display.c">
      <Filter>Source Files</Filter>
    </ClCompile>
    <ClCompile Include="$(RootDirectory)src\common\guid.c">
      <Filter>Source Files</Filter>
    </ClCompile>
    <ClCompile Include="$(RootDirectory)src\common\md5.c">
      <Filter>Source Files</Filter>
    </ClCompile>
    <ClCompile Include="$(RootDirectory)src\common\net-unix.c">
      <Filter>Source Files</Filter>
    </ClCompile>
    <ClCompile Include="$(RootDirectory)src\common\net-win.c">
      <Filter>Source Files</Filter>
    </ClCompile>
    <ClCompile Include="$(RootDirectory)src\common\obj-gear-common.c">
      <Filter>Source Files</Filter>
    </ClCompile>
    <ClCompile Include="$(RootDirectory)src\common\obj-tval.c">
      <Filter>Source Files</Filter>
    </ClCompile>
    <ClCompile Include="$(RootDirectory)src\common\option.c">
      <Filter>Source Files</Filter>
    </ClCompile>
    <ClCompile Include="$(RootDirectory)src\common\parser.c">
      <Filter>Source Files</Filter>
    </ClCompile>
    <ClCompile Include="$(RootDirectory)src\common\randname.c">
      <Filter>Source Files</Filter>
    </ClCompile>
    <ClCompile Include="$(RootDirectory)src\common\sockbuf.c">
      <Filter>Source Files</Filter>
    </ClCompile>
    <ClCompile Include="$(RootDirectory)src\common\source.c">
      <Filter>Source Files</Filter>
    </ClCompile>
    <ClCompile Include="$(RootDirectory)src\common\util.c">
      <Filter>Source Files</Filter>
    </ClCompile>
    <ClCompile Include="$(RootDirectory)src\common\z-bitflag.c">
      <Filter>Source Files</Filter>
    </ClCompile>
    <ClCompile Include="$(RootDirectory)src\common\z-color.c">
      <Filter>Source Files</Filter>
    </ClCompile>
    <ClCompile Include="$(RootDirectory)src\common\z-dice.c">
      <Filter>Source Files</Filter>
    </ClCompile>
    <ClCompile Include="$(RootDirectory)src\common\z-expression.c">
      <Filter>Source Files</Filter>
    </ClCompile>
    <ClCompile Include="$(RootDirectory)src\common\z-file.c">
      <Filter>Source Files</Filter>
    </ClCompile>
    <ClCompile Include="$(RootDirectory)src\common\z-form.c">
      <Filter>Source Files</Filter>
    </ClCompile>
    <ClCompile Include="$(RootDirectory)src\common\z-rand.c">
      <Filter>Source Files</Filter>
    </ClCompile>
    <ClCompile Include="$(RootDirectory)src\common\z-set.c">
      <Filter>Source Files</Filter>
    </ClCompile>
    <ClCompile Include="$(RootDirectory)src\common\z-type.c">
      <Filter>Source Files</Filter>
    </ClCompile>
    <ClCompile Include="$(RootDirectory)src\common\z-util.c">
      <Filter>Source Files</Filter>
    </ClCompile>
    <ClCompile Include="$(RootDirectory)src\common\z-virt.c">
      <Filter>Source Files</Filter>
    </ClCompile>
    <ClCompile Include="$(RootDirectory)src\server\account.c">
      <Filter>Source Files</Filter>
    </ClCompile>
    <ClCompile Include="$(RootDirectory)src\server\cave-map.c">
      <Filter>Source Files</Filter>
    </ClCompile>
    <ClCompile Include="$(RootDirectory)src\server\cave-square.c">
      <Filter>Source Files</Filter>
    </ClCompile>
    <ClCompile Include="$(RootDirectory)src\server\cave-view.c">
      <Filter>Source Files</Filter>
    </ClCompile>
    <ClCompile Include="$(RootDirectory)src\server\cave.c">
      <Filter>Source Files</Filter>
    </ClCompile>
    <ClCompile Include="$(RootDirectory)src\server\channel.c">
      <Filter>Source Files</Filter>
    </ClCompile>
    <ClCompile Include="$(RootDirectory)src\server\cmd-cave.c">
      <Filter>Source Files</Filter>
    </ClCompile>
    <ClCompile Include="$(RootDirectory)src\server\cmd-innate.c">
      <Filter>Source Files</Filter>
    </ClCompile>
    <ClCompile Include="$(RootDirectory)src\server\cmd-misc.c">
      <Filter>Source Files</Filter>
    </ClCompile>
    <ClCompile Include="$(RootDirectory)src\server\cmd-obj.c">
      <Filter>Source Files</Filter>
    </ClCompile>
    <ClCompile Include="$(RootDirectory)src\server\cmd-pickup.c">
      <Filter>Source Files</Filter>
    </ClCompile>
    <ClCompile Include="$(RootDirectory)src\server\control.c">
      <Filter>Source Files</Filter>
    </ClCompile>
    <ClCompile Include="$(RootDirectory)src\server\display-ui.c">
      <Filter>Source Files</Filter>
    </ClCompile>
    <ClCompile Include="$(RootDirectory)src\server\effect-handler-attack.c">
      <Filter>Source Files</Filter>
    </ClCompile>
    <ClCompile Include="$(RootDirectory)src\server\effect-handler-general.c">
      <Filter>Source Files</Filter>
    </ClCompile>
    <ClCompile Include="$(RootDirectory)src\server\effects-info.c">
      <Filter>Source Files</Filter>
    </ClCompile>
    <ClCompile Include="$(RootDirectory)src\server\effects.c">
      <Filter>Source Files</Filter>
    </ClCompile>
    <ClCompile Include="$(RootDirectory)src\server\game-world.c">
      <Filter>Source Files</Filter>
    </ClCompile>
    <ClCompile Include="$(RootDirectory)src\server\gen-cave.c">
      <Filter>Source Files</Filter>
    </ClCompile>
    <ClCompile Include="$(RootDirectory)src\server\gen-chunk.c">
      <Filter>Source Files</Filter>
    </ClCompile>
    <ClCompile Include="$(RootDirectory)src\server\gen-monster.c">
      <Filter>Source Files</Filter>
    </ClCompile>
    <ClCompile Include="$(RootDirectory)src\server\gen-room.c">
      <Filter>Source Files</Filter>
    </ClCompile>
    <ClCompile Include="$(RootDirectory)src\server\gen-util.c">
      <Filter>Source Files</Filter>
    </ClCompile>
    <ClCompile Include="$(RootDirectory)src\server\generate.c">
      <Filter>Source Files</Filter>
    </ClCompile>
    <ClCompile Include="$(RootDirectory)src\server\help-ui.c">
      <Filter>Source Files</Filter>
    </ClCompile>
    <ClCompile Include="$(RootDirectory)src\server\history-ui.c">
      <Filter>Source Files</Filter>
    </ClCompile>
    <ClCompile Include="$(RootDirectory)src\server\house.c">
      <Filter>Source Files</Filter>
    </ClCompile>
    <ClCompile Include="$(RootDirectory)src\server\init.c">
      <Filter>Source Files</Filter>
    </ClCompile>
    <ClCompile Include="$(RootDirectory)src\server\knowledge-ui.c">
      <Filter>Source Files</Filter>
    </ClCompile>
    <ClCompile Include="$(RootDirectory)src\server\load.c">
      <Filter>Source Files</Filter>
    </ClCompile>
    <ClCompile Include="$(RootDirectory)src\server\main.c">
      <Filter>Source Files</Filter>
    </ClCompile>
    <ClCompile Include="$(RootDirectory)src\server\map-ui.c">
      <Filter>Source Files</Filter>
    </ClCompile>
    <ClCompile Include="$(RootDirectory)src\server\message.c">
      <Filter>Source Files</Filter>
    </ClCompile>
    <ClCompile Include="$(RootDirectory)src\server\metaclient.c">
      <Filter>Source Files</Filter>
    </ClCompile>
    <ClCompile Include="$(RootDirectory)src\server\mon-attack.c">
      <Filter>Source Files</Filter>
    </ClCompile>
    <ClCompile Include="$(RootDirectory)src\server\mon-blows.c">
      <Filter>Source Files</Filter>
    </ClCompile>
    <ClCompile Include="$(RootDirectory)src\server\mon-desc.c">
      <Filter>Source Files</Filter>
    </ClCompile>
    <ClCompile Include="$(RootDirectory)src\server\mon-group.c">
      <Filter>Source Files</Filter>
    </ClCompile>
    <ClCompile Include="$(RootDirectory)src\server\mon-init.c">
      <Filter>Source Files</Filter>
    </ClCompile>
    <ClCompile Include="$(RootDirectory)src\server\mon-list-ui.c">
      <Filter>Source Files</Filter>
    </ClCompile>
    <ClCompile Include="$(RootDirectory)src\server\mon-list.c">
      <Filter>Source Files</Filter>
    </ClCompile>
    <ClCompile Include="$(RootDirectory)src\server\mon-lore-ui.c">
      <Filter>Source Files</Filter>
    </ClCompile>
    <ClCompile Include="$(RootDirectory)src\server\mon-lore.c">
      <Filter>Source Files</Filter>
    </ClCompile>
    <ClCompile Include="$(RootDirectory)src\server\mon-make.c">
      <Filter>Source Files</Filter>
    </ClCompile>
    <ClCompile Include="$(RootDirectory)src\server\mon-move.c">
      <Filter>Source Files</Filter>
    </ClCompile>
    <ClCompile Include="$(RootDirectory)src\server\mon-msg.c">
      <Filter>Source Files</Filter>
    </ClCompile>
    <ClCompile Include="$(RootDirectory)src\server\mon-predicate.c">
      <Filter>Source Files</Filter>
    </ClCompile>
    <ClCompile Include="$(RootDirectory)src\server\mon-spell.c">
      <Filter>Source Files</Filter>
    </ClCompile>
    <ClCompile Include="$(RootDirectory)src\server\mon-summon.c">
      <Filter>Source Files</Filter>
    </ClCompile>
    <ClCompile Include="$(RootDirectory)src\server\mon-timed.c">
      <Filter>Source Files</Filter>
    </ClCompile>
    <ClCompile Include="$(RootDirectory)src\server\mon-util.c">
      <Filter>Source Files</Filter>
    </ClCompile>
    <ClCompile Include="$(RootDirectory)src\server\netserver.c">
      <Filter>Source Files</Filter>
    </ClCompile>
    <ClCompile Include="$(RootDirectory)src\server\obj-chest.c">
      <Filter>Source Files</Filter>
    </ClCompile>
    <ClCompile Include="$(RootDirectory)src\server\obj-curse.c">
      <Filter>Source Files</Filter>
    </ClCompile>
    <ClCompile Include="$(RootDirectory)src\server\obj-desc.c">
      <Filter>Source Files</Filter>
    </ClCompile>
    <ClCompile Include="$(RootDirectory)src\server\obj-gear.c">
      <Filter>Source Files</Filter>
    </ClCompile>
    <ClCompile Include="$(RootDirectory)src\server\obj-ignore.c">
      <Filter>Source Files</Filter>
    </ClCompile>
    <ClCompile Include="$(RootDirectory)src\server\obj-info.c">
      <Filter>Source Files</Filter>
    </ClCompile>
    <ClCompile Include="$(RootDirectory)src\server\obj-init.c">
      <Filter>Source Files</Filter>
    </ClCompile>
    <ClCompile Include="$(RootDirectory)src\server\obj-inscrip.c">
      <Filter>Source Files</Filter>
    </ClCompile>
    <ClCompile Include="$(RootDirectory)src\server\obj-knowledge.c">
      <Filter>Source Files</Filter>
    </ClCompile>
    <ClCompile Include="$(RootDirectory)src\server\obj-list-ui.c">
      <Filter>Source Files</Filter>
    </ClCompile>
    <ClCompile Include="$(RootDirectory)src\server\obj-list.c">
      <Filter>Source Files</Filter>
    </ClCompile>
    <ClCompile Include="$(RootDirectory)src\server\obj-make.c">
      <Filter>Source Files</Filter>
    </ClCompile>
    <ClCompile Include="$(RootDirectory)src\server\obj-pile.c">
      <Filter>Source Files</Filter>
    </ClCompile>
    <ClCompile Include="$(RootDirectory)src\server\obj-power.c">
      <Filter>Source Files</Filter>
    </ClCompile>
    <ClCompile Include="$(RootDirectory)src\server\obj-properties.c">
      <Filter>Source Files</Filter>
    </ClCompile>
    <ClCompile Include="$(RootDirectory)src\server\obj-randart.c">
      <Filter>Source Files</Filter>
    </ClCompile>
    <ClCompile Include="$(RootDirectory)src\server\obj-slays.c">
      <Filter>Source Files</Filter>
    </ClCompile>
    <ClCompile Include="$(RootDirectory)src\server\obj-ui.c">
      <Filter>Source Files</Filter>
    </ClCompile>
    <ClCompile Include="$(RootDirectory)src\server\obj-util.c">
      <Filter>Source Files</Filter>
    </ClCompile>
    <ClCompile Include="$(RootDirectory)src\server\party.c">
      <Filter>Source Files</Filter>
    </ClCompile>
    <ClCompile Include="$(RootDirectory)src\server\player-attack.c">
      <Filter>Source Files</Filter>
    </ClCompile>
    <ClCompile Include="$(RootDirectory)src\server\player-birth.c">
      <Filter>Source Files</Filter>
    </ClCompile>
    <ClCompile Include="$(RootDirectory)src\server\player-calcs.c">
      <Filter>Source Files</Filter>
    </ClCompile>
    <ClCompile Include="$(RootDirectory)src\server\player-history.c">
      <Filter>Source Files</Filter>
    </ClCompile>
    <ClCompile Include="$(RootDirectory)src\server\player-path.c">
      <Filter>Source Files</Filter>
    </ClCompile>
    <ClCompile Include="$(RootDirectory)src\server\player-quest.c">
      <Filter>Source Files</Filter>
    </ClCompile>
    <ClCompile Include="$(RootDirectory)src\server\player-spell.c">
      <Filter>Source Files</Filter>
    </ClCompile>
    <ClCompile Include="$(RootDirectory)src\server\player-timed.c">
      <Filter>Source Files</Filter>
    </ClCompile>
    <ClCompile Include="$(RootDirectory)src\server\player-ui.c">
      <Filter>Source Files</Filter>
    </ClCompile>
    <ClCompile Include="$(RootDirectory)src\server\player-util.c">
      <Filter>Source Files</Filter>
    </ClCompile>
    <ClCompile Include="$(RootDirectory)src\server\player.c">
      <Filter>Source Files</Filter>
    </ClCompile>
    <ClCompile Include="$(RootDirectory)src\server\prefs-ui.c">
      <Filter>Source Files</Filter>
    </ClCompile>
    <ClCompile Include="$(RootDirectory)src\server\project-feat.c">
      <Filter>Source Files</Filter>
    </ClCompile>
    <ClCompile Include="$(RootDirectory)src\server\project-mon.c">
      <Filter>Source Files</Filter>
    </ClCompile>
    <ClCompile Include="$(RootDirectory)src\server\project-obj.c">
      <Filter>Source Files</Filter>
    </ClCompile>
    <ClCompile Include="$(RootDirectory)src\server\project-player.c">
      <Filter>Source Files</Filter>
    </ClCompile>
    <ClCompile Include="$(RootDirectory)src\server\project.c">
      <Filter>Source Files</Filter>
    </ClCompile>
    <ClCompile Include="$(RootDirectory)src\server\s-util.c">
      <Filter>Source Files</Filter>
    </ClCompile>
    <ClCompile Include="$(RootDirectory)src\server\save.c">
      <Filter>Source Files</Filter>
    </ClCompile>
    <ClCompile Include="$(RootDirectory)src\server\savefile.c">
      <Filter>Source Files</Filter>
    </ClCompile>
    <ClCompile Include="$(RootDirectory)src\server\sched-unix.c">
      <Filter>Source Files</Filter>
    </ClCompile>
    <ClCompile Include="$(RootDirectory)src\server\sched-win.c">
      <Filter>Source Files</Filter>
    </ClCompile>
    <ClCompile Include="$(RootDirectory)src\server\score-ui.c">
      <Filter>Source Files</Filter>
    </ClCompile>
    <ClCompile Include="$(RootDirectory)src\server\score.c">
      <Filter>Source Files</Filter>
    </ClCompile>
    <ClCompile Include="$(RootDirectory)src\server\store.c">
      <Filter>Source Files</Filter>
    </ClCompile>
    <ClCompile Include="$(RootDirectory)src\server\target-ui.c">
      <Filter>Source Files</Filter>
    </ClCompile>
    <ClCompile Include="$(RootDirectory)src\server\target.c">
      <Filter>Source Files</Filter>
    </ClCompile>
    <ClCompile Include="$(RootDirectory)src\server\trap.c">
      <Filter>Source Files</Filter>
    </ClCompile>
    <ClCompile Include="$(RootDirectory)src\server\visuals-ui.c">
      <Filter>Source Files</Filter>
    </ClCompile>
    <ClCompile Include="$(RootDirectory)src\server\wilderness.c">
      <Filter>Source Files</Filter>
    </ClCompile>
    <ClCompile Include="$(RootDirectory)src\server\z-quark.c">
      <Filter>Source Files</Filter>
    </ClCompile>
    <ClCompile Include="$(RootDirectory)src\server\z-queue.c">
      <Filter>Source Files</Filter>
    </ClCompile>
    <ClCompile Include="$(RootDirectory)src\server\z-textblock.c">
      <Filter>Source Files</Filter>
    </ClCompile>
  </ItemGroup>
  <ItemGroup>
    <Image Include="$(RootDirectory)lib\icons\att-128.png">
      <Filter>Resource Files</Filter>
    </Image>
    <Image Include="$(RootDirectory)lib\icons\att-16.png">
      <Filter>Resource Files</Filter>
    </Image>
    <Image Include="$(RootDirectory)lib\icons\att-256.png">
      <Filter>Resource Files</Filter>
    </Image>
    <Image Include="$(RootDirectory)lib\icons\att-32.png">
      <Filter>Resource Files</Filter>
    </Image>
    <Image Include="$(RootDirectory)lib\icons\att-512.png">
      <Filter>Resource Files</Filter>
    </Image>
    <Image Include="$(RootDirectory)src\win\AngbandServer.ico">
      <Filter>Resource Files</Filter>
    </Image>
  </ItemGroup>
  <ItemGroup>
    <ResourceCompile Include="$(RootDirectory)src\win\AngbandServer.rc">
      <Filter>Resource Files</Filter>
    </ResourceCompile>
  </ItemGroup>
</Project>